
Microsoft Visual Studio Solution File, Format Version 12.00
# Visual Studio Version 16
VisualStudioVersion = 16.0.30907.101
MinimumVisualStudioVersion = 10.0.40219.1
Project("{9A19103F-16F7-4668-BE54-9A1E7A4F7556}") = "KampIntro", "KampIntro\KampIntro.csproj", "{106F6B64-FFA8-4625-86B3-6BE8BD991BD0}"
EndProject
Project("{9A19103F-16F7-4668-BE54-9A1E7A4F7556}") = "Donguler", "Donguler\Donguler.csproj", "{CDD83EBD-B2B4-4191-8A0E-870648A670CE}"
EndProject
Project("{9A19103F-16F7-4668-BE54-9A1E7A4F7556}") = "ClassIntro", "Classİntro\ClassIntro.csproj", "{DA75FC42-3992-4118-8FDC-DA81688BECFD}"
EndProject
Project("{9A19103F-16F7-4668-BE54-9A1E7A4F7556}") = "Metotlar", "Metotlar\Metotlar.csproj", "{16D1E4E0-10A7-4FC6-9103-E2C63B855872}"
EndProject
Project("{9A19103F-16F7-4668-BE54-9A1E7A4F7556}") = "Matematik", "Matematik\Matematik.csproj", "{BDB77390-98B5-4DE3-A437-E7842D217BE5}"
EndProject
Project("{9A19103F-16F7-4668-BE54-9A1E7A4F7556}") = "OOP1", "OOP1\OOP1.csproj", "{50DB4D48-2660-4CC9-A11D-6832384C236F}"
EndProject
Project("{9A19103F-16F7-4668-BE54-9A1E7A4F7556}") = "Collections", "Collections\Collections.csproj", "{137F659A-702D-436D-80CF-A3BC16CF3305}"
EndProject
Project("{9A19103F-16F7-4668-BE54-9A1E7A4F7556}") = "GenericsIntro", "GenericsIntro\GenericsIntro.csproj", "{FC6823F9-5CA8-42CB-B022-037EED3C3F2F}"
EndProject
Project("{FAE04EC0-301F-11D3-BF4B-00C04F79EFBC}") = "OOP2", "OOP2\OOP2.csproj", "{50AB9CE6-D279-4E41-B24C-55CCBC05128D}"
EndProject
Project("{FAE04EC0-301F-11D3-BF4B-00C04F79EFBC}") = "OOP3", "OOP3\OOP3.csproj", "{2C536D5A-5404-4960-81A7-C3336C54D542}"
EndProject
Global
	GlobalSection(SolutionConfigurationPlatforms) = preSolution
		Debug|Any CPU = Debug|Any CPU
		Release|Any CPU = Release|Any CPU
	EndGlobalSection
	GlobalSection(ProjectConfigurationPlatforms) = postSolution
		{106F6B64-FFA8-4625-86B3-6BE8BD991BD0}.Debug|Any CPU.ActiveCfg = Debug|Any CPU
		{106F6B64-FFA8-4625-86B3-6BE8BD991BD0}.Debug|Any CPU.Build.0 = Debug|Any CPU
		{106F6B64-FFA8-4625-86B3-6BE8BD991BD0}.Release|Any CPU.ActiveCfg = Release|Any CPU
		{106F6B64-FFA8-4625-86B3-6BE8BD991BD0}.Release|Any CPU.Build.0 = Release|Any CPU
		{CDD83EBD-B2B4-4191-8A0E-870648A670CE}.Debug|Any CPU.ActiveCfg = Debug|Any CPU
		{CDD83EBD-B2B4-4191-8A0E-870648A670CE}.Debug|Any CPU.Build.0 = Debug|Any CPU
		{CDD83EBD-B2B4-4191-8A0E-870648A670CE}.Release|Any CPU.ActiveCfg = Release|Any CPU
		{CDD83EBD-B2B4-4191-8A0E-870648A670CE}.Release|Any CPU.Build.0 = Release|Any CPU
		{DA75FC42-3992-4118-8FDC-DA81688BECFD}.Debug|Any CPU.ActiveCfg = Debug|Any CPU
		{DA75FC42-3992-4118-8FDC-DA81688BECFD}.Debug|Any CPU.Build.0 = Debug|Any CPU
		{DA75FC42-3992-4118-8FDC-DA81688BECFD}.Release|Any CPU.ActiveCfg = Release|Any CPU
		{DA75FC42-3992-4118-8FDC-DA81688BECFD}.Release|Any CPU.Build.0 = Release|Any CPU
		{16D1E4E0-10A7-4FC6-9103-E2C63B855872}.Debug|Any CPU.ActiveCfg = Debug|Any CPU
		{16D1E4E0-10A7-4FC6-9103-E2C63B855872}.Debug|Any CPU.Build.0 = Debug|Any CPU
		{16D1E4E0-10A7-4FC6-9103-E2C63B855872}.Release|Any CPU.ActiveCfg = Release|Any CPU
		{16D1E4E0-10A7-4FC6-9103-E2C63B855872}.Release|Any CPU.Build.0 = Release|Any CPU
		{BDB77390-98B5-4DE3-A437-E7842D217BE5}.Debug|Any CPU.ActiveCfg = Debug|Any CPU
		{BDB77390-98B5-4DE3-A437-E7842D217BE5}.Debug|Any CPU.Build.0 = Debug|Any CPU
		{BDB77390-98B5-4DE3-A437-E7842D217BE5}.Release|Any CPU.ActiveCfg = Release|Any CPU
		{BDB77390-98B5-4DE3-A437-E7842D217BE5}.Release|Any CPU.Build.0 = Release|Any CPU
		{50DB4D48-2660-4CC9-A11D-6832384C236F}.Debug|Any CPU.ActiveCfg = Debug|Any CPU
		{50DB4D48-2660-4CC9-A11D-6832384C236F}.Debug|Any CPU.Build.0 = Debug|Any CPU
		{50DB4D48-2660-4CC9-A11D-6832384C236F}.Release|Any CPU.ActiveCfg = Release|Any CPU
		{50DB4D48-2660-4CC9-A11D-6832384C236F}.Release|Any CPU.Build.0 = Release|Any CPU
		{137F659A-702D-436D-80CF-A3BC16CF3305}.Debug|Any CPU.ActiveCfg = Debug|Any CPU
		{137F659A-702D-436D-80CF-A3BC16CF3305}.Debug|Any CPU.Build.0 = Debug|Any CPU
		{137F659A-702D-436D-80CF-A3BC16CF3305}.Release|Any CPU.ActiveCfg = Release|Any CPU
		{137F659A-702D-436D-80CF-A3BC16CF3305}.Release|Any CPU.Build.0 = Release|Any CPU
		{FC6823F9-5CA8-42CB-B022-037EED3C3F2F}.Debug|Any CPU.ActiveCfg = Debug|Any CPU
		{FC6823F9-5CA8-42CB-B022-037EED3C3F2F}.Debug|Any CPU.Build.0 = Debug|Any CPU
		{FC6823F9-5CA8-42CB-B022-037EED3C3F2F}.Release|Any CPU.ActiveCfg = Release|Any CPU
		{FC6823F9-5CA8-42CB-B022-037EED3C3F2F}.Release|Any CPU.Build.0 = Release|Any CPU
		{50AB9CE6-D279-4E41-B24C-55CCBC05128D}.Debug|Any CPU.ActiveCfg = Debug|Any CPU
		{50AB9CE6-D279-4E41-B24C-55CCBC05128D}.Debug|Any CPU.Build.0 = Debug|Any CPU
		{50AB9CE6-D279-4E41-B24C-55CCBC05128D}.Release|Any CPU.ActiveCfg = Release|Any CPU
		{50AB9CE6-D279-4E41-B24C-55CCBC05128D}.Release|Any CPU.Build.0 = Release|Any CPU
		{2C536D5A-5404-4960-81A7-C3336C54D542}.Debug|Any CPU.ActiveCfg = Debug|Any CPU
		{2C536D5A-5404-4960-81A7-C3336C54D542}.Debug|Any CPU.Build.0 = Debug|Any CPU
		{2C536D5A-5404-4960-81A7-C3336C54D542}.Release|Any CPU.ActiveCfg = Release|Any CPU
		{2C536D5A-5404-4960-81A7-C3336C54D542}.Release|Any CPU.Build.0 = Release|Any CPU
	EndGlobalSection
	GlobalSection(SolutionProperties) = preSolution
		HideSolutionNode = FALSE
	EndGlobalSection
	GlobalSection(ExtensibilityGlobals) = postSolution
		SolutionGuid = {A003A46B-D2B3-4E11-B2A3-E8EC21A104C7}
	EndGlobalSection
EndGlobal
